// !$*UTF8*$!
{
	archiveVersion = 1;
	classes = {
	};
	objectVersion = 50;
	objects = {

/* Begin PBXBuildFile section */
		24B7E386282E9619008531EC /* CircleImage.swift in Sources */ = {isa = PBXBuildFile; fileRef = 24B7E385282E9619008531EC /* CircleImage.swift */; };
		24B7E388282E9639008531EC /* MapView.swift in Sources */ = {isa = PBXBuildFile; fileRef = 24B7E387282E9639008531EC /* MapView.swift */; };
		2F355C092423634700BFA93A /* AppDelegate.swift in Sources */ = {isa = PBXBuildFile; fileRef = 2F355C082423634700BFA93A /* AppDelegate.swift */; };
		2F355C0B2423634700BFA93A /* SceneDelegate.swift in Sources */ = {isa = PBXBuildFile; fileRef = 2F355C0A2423634700BFA93A /* SceneDelegate.swift */; };
		2F355C0E2423634700BFA93A /* Landmarks.xcdatamodeld in Sources */ = {isa = PBXBuildFile; fileRef = 2F355C0C2423634700BFA93A /* Landmarks.xcdatamodeld */; };
		2F355C102423634700BFA93A /* ContentView.swift in Sources */ = {isa = PBXBuildFile; fileRef = 2F355C0F2423634700BFA93A /* ContentView.swift */; };
		2F355C122423634A00BFA93A /* Assets.xcassets in Resources */ = {isa = PBXBuildFile; fileRef = 2F355C112423634A00BFA93A /* Assets.xcassets */; };
		2F355C152423634A00BFA93A /* Preview Assets.xcassets in Resources */ = {isa = PBXBuildFile; fileRef = 2F355C142423634A00BFA93A /* Preview Assets.xcassets */; };
		2F355C182423634A00BFA93A /* LaunchScreen.storyboard in Resources */ = {isa = PBXBuildFile; fileRef = 2F355C162423634A00BFA93A /* LaunchScreen.storyboard */; };
		2F355C232423634A00BFA93A /* LandmarksTests.swift in Sources */ = {isa = PBXBuildFile; fileRef = 2F355C222423634A00BFA93A /* LandmarksTests.swift */; };
		2F355C2E2423634A00BFA93A /* LandmarksUITests.swift in Sources */ = {isa = PBXBuildFile; fileRef = 2F355C2D2423634A00BFA93A /* LandmarksUITests.swift */; };
/* End PBXBuildFile section */

/* Begin PBXContainerItemProxy section */
		2F355C1F2423634A00BFA93A /* PBXContainerItemProxy */ = {
			isa = PBXContainerItemProxy;
			containerPortal = 2F355BFD2423634600BFA93A /* Project object */;
			proxyType = 1;
			remoteGlobalIDString = 2F355C042423634700BFA93A;
			remoteInfo = Landmarks;
		};
		2F355C2A2423634A00BFA93A /* PBXContainerItemProxy */ = {
			isa = PBXContainerItemProxy;
			containerPortal = 2F355BFD2423634600BFA93A /* Project object */;
			proxyType = 1;
			remoteGlobalIDString = 2F355C042423634700BFA93A;
			remoteInfo = Landmarks;
		};
/* End PBXContainerItemProxy section */

/* Begin PBXFileReference section */
		24B7E385282E9619008531EC /* CircleImage.swift */ = {isa = PBXFileReference; lastKnownFileType = sourcecode.swift; path = CircleImage.swift; sourceTree = "<group>"; };
		24B7E387282E9639008531EC /* MapView.swift */ = {isa = PBXFileReference; lastKnownFileType = sourcecode.swift; path = MapView.swift; sourceTree = "<group>"; };
		2F355C052423634700BFA93A /* Landmarks.app */ = {isa = PBXFileReference; explicitFileType = wrapper.application; includeInIndex = 0; path = Landmarks.app; sourceTree = BUILT_PRODUCTS_DIR; };
		2F355C082423634700BFA93A /* AppDelegate.swift */ = {isa = PBXFileReference; lastKnownFileType = sourcecode.swift; path = AppDelegate.swift; sourceTree = "<group>"; };
		2F355C0A2423634700BFA93A /* SceneDelegate.swift */ = {isa = PBXFileReference; lastKnownFileType = sourcecode.swift; path = SceneDelegate.swift; sourceTree = "<group>"; };
		2F355C0D2423634700BFA93A /* Landmarks.xcdatamodel */ = {isa = PBXFileReference; lastKnownFileType = wrapper.xcdatamodel; path = Landmarks.xcdatamodel; sourceTree = "<group>"; };
		2F355C0F2423634700BFA93A /* ContentView.swift */ = {isa = PBXFileReference; lastKnownFileType = sourcecode.swift; path = ContentView.swift; sourceTree = "<group>"; };
		2F355C112423634A00BFA93A /* Assets.xcassets */ = {isa = PBXFileReference; lastKnownFileType = folder.assetcatalog; path = Assets.xcassets; sourceTree = "<group>"; };
		2F355C142423634A00BFA93A /* Preview Assets.xcassets */ = {isa = PBXFileReference; lastKnownFileType = folder.assetcatalog; path = "Preview Assets.xcassets"; sourceTree = "<group>"; };
		2F355C172423634A00BFA93A /* Base */ = {isa = PBXFileReference; lastKnownFileType = file.storyboard; name = Base; path = Base.lproj/LaunchScreen.storyboard; sourceTree = "<group>"; };
		2F355C192423634A00BFA93A /* Info.plist */ = {isa = PBXFileReference; lastKnownFileType = text.plist.xml; path = Info.plist; sourceTree = "<group>"; };
		2F355C1E2423634A00BFA93A /* LandmarksTests.xctest */ = {isa = PBXFileReference; explicitFileType = wrapper.cfbundle; includeInIndex = 0; path = LandmarksTests.xctest; sourceTree = BUILT_PRODUCTS_DIR; };
		2F355C222423634A00BFA93A /* LandmarksTests.swift */ = {isa = PBXFileReference; lastKnownFileType = sourcecode.swift; path = LandmarksTests.swift; sourceTree = "<group>"; };
		2F355C242423634A00BFA93A /* Info.plist */ = {isa = PBXFileReference; lastKnownFileType = text.plist.xml; path = Info.plist; sourceTree = "<group>"; };
		2F355C292423634A00BFA93A /* LandmarksUITests.xctest */ = {isa = PBXFileReference; explicitFileType = wrapper.cfbundle; includeInIndex = 0; path = LandmarksUITests.xctest; sourceTree = BUILT_PRODUCTS_DIR; };
		2F355C2D2423634A00BFA93A /* LandmarksUITests.swift */ = {isa = PBXFileReference; lastKnownFileType = sourcecode.swift; path = LandmarksUITests.swift; sourceTree = "<group>"; };
		2F355C2F2423634A00BFA93A /* Info.plist */ = {isa = PBXFileReference; lastKnownFileType = text.plist.xml; path = Info.plist; sourceTree = "<group>"; };
/* End PBXFileReference section */

/* Begin PBXFrameworksBuildPhase section */
		2F355C022423634700BFA93A /* Frameworks */ = {
			isa = PBXFrameworksBuildPhase;
			buildActionMask = 2147483647;
			files = (
			);
			runOnlyForDeploymentPostprocessing = 0;
		};
		2F355C1B2423634A00BFA93A /* Frameworks */ = {
			isa = PBXFrameworksBuildPhase;
			buildActionMask = 2147483647;
			files = (
			);
			runOnlyForDeploymentPostprocessing = 0;
		};
		2F355C262423634A00BFA93A /* Frameworks */ = {
			isa = PBXFrameworksBuildPhase;
			buildActionMask = 2147483647;
			files = (
			);
			runOnlyForDeploymentPostprocessing = 0;
		};
/* End PBXFrameworksBuildPhase section */

/* Begin PBXGroup section */
		2F355BFC2423634600BFA93A = {
			isa = PBXGroup;
			children = (
				2F355C072423634700BFA93A /* Landmarks */,
				2F355C212423634A00BFA93A /* LandmarksTests */,
				2F355C2C2423634A00BFA93A /* LandmarksUITests */,
				2F355C062423634700BFA93A /* Products */,
			);
			sourceTree = "<group>";
		};
		2F355C062423634700BFA93A /* Products */ = {
			isa = PBXGroup;
			children = (
				2F355C052423634700BFA93A /* Landmarks.app */,
				2F355C1E2423634A00BFA93A /* LandmarksTests.xctest */,
				2F355C292423634A00BFA93A /* LandmarksUITests.xctest */,
			);
			name = Products;
			sourceTree = "<group>";
		};
		2F355C072423634700BFA93A /* Landmarks */ = {
			isa = PBXGroup;
			children = (
				2F355C162423634A00BFA93A /* LaunchScreen.storyboard */,
				2F355C0C2423634700BFA93A /* Landmarks.xcdatamodeld */,
				2F355C192423634A00BFA93A /* Info.plist */,
				2F355C112423634A00BFA93A /* Assets.xcassets */,
				2F355C082423634700BFA93A /* AppDelegate.swift */,
				2F355C0A2423634700BFA93A /* SceneDelegate.swift */,
				2F355C0F2423634700BFA93A /* ContentView.swift */,
				24B7E385282E9619008531EC /* CircleImage.swift */,
				24B7E387282E9639008531EC /* MapView.swift */,
				2F355C132423634A00BFA93A /* Preview Content */,
			);
			path = Landmarks;
			sourceTree = "<group>";
		};
		2F355C132423634A00BFA93A /* Preview Content */ = {
			isa = PBXGroup;
			children = (
				2F355C142423634A00BFA93A /* Preview Assets.xcassets */,
			);
			path = "Preview Content";
			sourceTree = "<group>";
		};
		2F355C212423634A00BFA93A /* LandmarksTests */ = {
			isa = PBXGroup;
			children = (
				2F355C222423634A00BFA93A /* LandmarksTests.swift */,
				2F355C242423634A00BFA93A /* Info.plist */,
			);
			path = LandmarksTests;
			sourceTree = "<group>";
		};
		2F355C2C2423634A00BFA93A /* LandmarksUITests */ = {
			isa = PBXGroup;
			children = (
				2F355C2D2423634A00BFA93A /* LandmarksUITests.swift */,
				2F355C2F2423634A00BFA93A /* Info.plist */,
			);
			path = LandmarksUITests;
			sourceTree = "<group>";
		};
/* End PBXGroup section */

/* Begin PBXNativeTarget section */
		2F355C042423634700BFA93A /* Landmarks */ = {
			isa = PBXNativeTarget;
			buildConfigurationList = 2F355C322423634A00BFA93A /* Build configuration list for PBXNativeTarget "Landmarks" */;
			buildPhases = (
				2F355C012423634700BFA93A /* Sources */,
				2F355C022423634700BFA93A /* Frameworks */,
				2F355C032423634700BFA93A /* Resources */,
			);
			buildRules = (
			);
			dependencies = (
			);
			name = Landmarks;
			productName = Landmarks;
			productReference = 2F355C052423634700BFA93A /* Landmarks.app */;
			productType = "com.apple.product-type.application";
		};
		2F355C1D2423634A00BFA93A /* LandmarksTests */ = {
			isa = PBXNativeTarget;
			buildConfigurationList = 2F355C352423634A00BFA93A /* Build configuration list for PBXNativeTarget "LandmarksTests" */;
			buildPhases = (
				2F355C1A2423634A00BFA93A /* Sources */,
				2F355C1B2423634A00BFA93A /* Frameworks */,
				2F355C1C2423634A00BFA93A /* Resources */,
			);
			buildRules = (
			);
			dependencies = (
				2F355C202423634A00BFA93A /* PBXTargetDependency */,
			);
			name = LandmarksTests;
			productName = LandmarksTests;
			productReference = 2F355C1E2423634A00BFA93A /* LandmarksTests.xctest */;
			productType = "com.apple.product-type.bundle.unit-test";
		};
		2F355C282423634A00BFA93A /* LandmarksUITests */ = {
			isa = PBXNativeTarget;
			buildConfigurationList = 2F355C382423634A00BFA93A /* Build configuration list for PBXNativeTarget "LandmarksUITests" */;
			buildPhases = (
				2F355C252423634A00BFA93A /* Sources */,
				2F355C262423634A00BFA93A /* Frameworks */,
				2F355C272423634A00BFA93A /* Resources */,
			);
			buildRules = (
			);
			dependencies = (
				2F355C2B2423634A00BFA93A /* PBXTargetDependency */,
			);
			name = LandmarksUITests;
			productName = LandmarksUITests;
			productReference = 2F355C292423634A00BFA93A /* LandmarksUITests.xctest */;
			productType = "com.apple.product-type.bundle.ui-testing";
		};
/* End PBXNativeTarget section */

/* Begin PBXProject section */
		2F355BFD2423634600BFA93A /* Project object */ = {
			isa = PBXProject;
			attributes = {
				LastSwiftUpdateCheck = 1130;
				LastUpgradeCheck = 1130;
				ORGANIZATIONNAME = Vincent;
				TargetAttributes = {
					2F355C042423634700BFA93A = {
						CreatedOnToolsVersion = 11.3.1;
					};
					2F355C1D2423634A00BFA93A = {
						CreatedOnToolsVersion = 11.3.1;
						TestTargetID = 2F355C042423634700BFA93A;
					};
					2F355C282423634A00BFA93A = {
						CreatedOnToolsVersion = 11.3.1;
						TestTargetID = 2F355C042423634700BFA93A;
					};
				};
			};
			buildConfigurationList = 2F355C002423634600BFA93A /* Build configuration list for PBXProject "Landmarks" */;
			compatibilityVersion = "Xcode 9.3";
			developmentRegion = en;
			hasScannedForEncodings = 0;
			knownRegions = (
				en,
				Base,
			);
			mainGroup = 2F355BFC2423634600BFA93A;
			productRefGroup = 2F355C062423634700BFA93A /* Products */;
			projectDirPath = "";
			projectRoot = "";
			targets = (
				2F355C042423634700BFA93A /* Landmarks */,
				2F355C1D2423634A00BFA93A /* LandmarksTests */,
				2F355C282423634A00BFA93A /* LandmarksUITests */,
			);
		};
/* End PBXProject section */

/* Begin PBXResourcesBuildPhase section */
		2F355C032423634700BFA93A /* Resources */ = {
			isa = PBXResourcesBuildPhase;
			buildActionMask = 2147483647;
			files = (
				2F355C182423634A00BFA93A /* LaunchScreen.storyboard in Resources */,
				2F355C152423634A00BFA93A /* Preview Assets.xcassets in Resources */,
				2F355C122423634A00BFA93A /* Assets.xcassets in Resources */,
			);
			runOnlyForDeploymentPostprocessing = 0;
		};
		2F355C1C2423634A00BFA93A /* Resources */ = {
			isa = PBXResourcesBuildPhase;
			buildActionMask = 2147483647;
			files = (
			);
			runOnlyForDeploymentPostprocessing = 0;
		};
		2F355C272423634A00BFA93A /* Resources */ = {
			isa = PBXResourcesBuildPhase;
			buildActionMask = 2147483647;
			files = (
			);
			runOnlyForDeploymentPostprocessing = 0;
		};
/* End PBXResourcesBuildPhase section */

/* Begin PBXSourcesBuildPhase section */
		2F355C012423634700BFA93A /* Sources */ = {
			isa = PBXSourcesBuildPhase;
			buildActionMask = 2147483647;
			files = (
				2F355C092423634700BFA93A /* AppDelegate.swift in Sources */,
				24B7E388282E9639008531EC /* MapView.swift in Sources */,
				2F355C0B2423634700BFA93A /* SceneDelegate.swift in Sources */,
				2F355C102423634700BFA93A /* ContentView.swift in Sources */,
				2F355C0E2423634700BFA93A /* Landmarks.xcdatamodeld in Sources */,
				24B7E386282E9619008531EC /* CircleImage.swift in Sources */,
			);
			runOnlyForDeploymentPostprocessing = 0;
		};
		2F355C1A2423634A00BFA93A /* Sources */ = {
			isa = PBXSourcesBuildPhase;
			buildActionMask = 2147483647;
			files = (
				2F355C232423634A00BFA93A /* LandmarksTests.swift in Sources */,
			);
			runOnlyForDeploymentPostprocessing = 0;
		};
		2F355C252423634A00BFA93A /* Sources */ = {
			isa = PBXSourcesBuildPhase;
			buildActionMask = 2147483647;
			files = (
				2F355C2E2423634A00BFA93A /* LandmarksUITests.swift in Sources */,
			);
			runOnlyForDeploymentPostprocessing = 0;
		};
/* End PBXSourcesBuildPhase section */

/* Begin PBXTargetDependency section */
		2F355C202423634A00BFA93A /* PBXTargetDependency */ = {
			isa = PBXTargetDependency;
			target = 2F355C042423634700BFA93A /* Landmarks */;
			targetProxy = 2F355C1F2423634A00BFA93A /* PBXContainerItemProxy */;
		};
		2F355C2B2423634A00BFA93A /* PBXTargetDependency */ = {
			isa = PBXTargetDependency;
			target = 2F355C042423634700BFA93A /* Landmarks */;
			targetProxy = 2F355C2A2423634A00BFA93A /* PBXContainerItemProxy */;
		};
/* End PBXTargetDependency section */

/* Begin PBXVariantGroup section */
		2F355C162423634A00BFA93A /* LaunchScreen.storyboard */ = {
			isa = PBXVariantGroup;
			children = (
				2F355C172423634A00BFA93A /* Base */,
			);
			name = LaunchScreen.storyboard;
			sourceTree = "<group>";
		};
/* End PBXVariantGroup section */

/* Begin XCBuildConfiguration section */
		2F355C302423634A00BFA93A /* Debug */ = {
			isa = XCBuildConfiguration;
			buildSettings = {
				ALWAYS_SEARCH_USER_PATHS = NO;
				CLANG_ANALYZER_NONNULL = YES;
				CLANG_ANALYZER_NUMBER_OBJECT_CONVERSION = YES_AGGRESSIVE;
				CLANG_CXX_LANGUAGE_STANDARD = "gnu++14";
				CLANG_CXX_LIBRARY = "libc++";
				CLANG_ENABLE_MODULES = YES;
				CLANG_ENABLE_OBJC_ARC = YES;
				CLANG_ENABLE_OBJC_WEAK = YES;
				CLANG_WARN_BLOCK_CAPTURE_AUTORELEASING = YES;
				CLANG_WARN_BOOL_CONVERSION = YES;
				CLANG_WARN_COMMA = YES;
				CLANG_WARN_CONSTANT_CONVERSION = YES;
				CLANG_WARN_DEPRECATED_OBJC_IMPLEMENTATIONS = YES;
				CLANG_WARN_DIRECT_OBJC_ISA_USAGE = YES_ERROR;
				CLANG_WARN_DOCUMENTATION_COMMENTS = YES;
				CLANG_WARN_EMPTY_BODY = YES;
				CLANG_WARN_ENUM_CONVERSION = YES;
				CLANG_WARN_INFINITE_RECURSION = YES;
				CLANG_WARN_INT_CONVERSION = YES;
				CLANG_WARN_NON_LITERAL_NULL_CONVERSION = YES;
				CLANG_WARN_OBJC_IMPLICIT_RETAIN_SELF = YES;
				CLANG_WARN_OBJC_LITERAL_CONVERSION = YES;
				CLANG_WARN_OBJC_ROOT_CLASS = YES_ERROR;
				CLANG_WARN_RANGE_LOOP_ANALYSIS = YES;
				CLANG_WARN_STRICT_PROTOTYPES = YES;
				CLANG_WARN_SUSPICIOUS_MOVE = YES;
				CLANG_WARN_UNGUARDED_AVAILABILITY = YES_AGGRESSIVE;
				CLANG_WARN_UNREACHABLE_CODE = YES;
				CLANG_WARN__DUPLICATE_METHOD_MATCH = YES;
				COPY_PHASE_STRIP = NO;
				DEBUG_INFORMATION_FORMAT = dwarf;
				ENABLE_STRICT_OBJC_MSGSEND = YES;
				ENABLE_TESTABILITY = YES;
				GCC_C_LANGUAGE_STANDARD = gnu11;
				GCC_DYNAMIC_NO_PIC = NO;
				GCC_NO_COMMON_BLOCKS = YES;
				GCC_OPTIMIZATION_LEVEL = 0;
				GCC_PREPROCESSOR_DEFINITIONS = (
					"DEBUG=1",
					"$(inherited)",
				);
				GCC_WARN_64_TO_32_BIT_CONVERSION = YES;
				GCC_WARN_ABOUT_RETURN_TYPE = YES_ERROR;
				GCC_WARN_UNDECLARED_SELECTOR = YES;
				GCC_WARN_UNINITIALIZED_AUTOS = YES_AGGRESSIVE;
				GCC_WARN_UNUSED_FUNCTION = YES;
				GCC_WARN_UNUSED_VARIABLE = YES;
				IPHONEOS_DEPLOYMENT_TARGET = 15.2;
				MTL_ENABLE_DEBUG_INFO = INCLUDE_SOURCE;
				MTL_FAST_MATH = YES;
				ONLY_ACTIVE_ARCH = YES;
				SDKROOT = iphoneos;
				SWIFT_ACTIVE_COMPILATION_CONDITIONS = DEBUG;
				SWIFT_OPTIMIZATION_LEVEL = "-Onone";
			};
			name = Debug;
		};
		2F355C312423634A00BFA93A /* Release */ = {
			isa = XCBuildConfiguration;
			buildSettings = {
				ALWAYS_SEARCH_USER_PATHS = NO;
				CLANG_ANALYZER_NONNULL = YES;
				CLANG_ANALYZER_NUMBER_OBJECT_CONVERSION = YES_AGGRESSIVE;
				CLANG_CXX_LANGUAGE_STANDARD = "gnu++14";
				CLANG_CXX_LIBRARY = "libc++";
				CLANG_ENABLE_MODULES = YES;
				CLANG_ENABLE_OBJC_ARC = YES;
				CLANG_ENABLE_OBJC_WEAK = YES;
				CLANG_WARN_BLOCK_CAPTURE_AUTORELEASING = YES;
				CLANG_WARN_BOOL_CONVERSION = YES;
				CLANG_WARN_COMMA = YES;
				CLANG_WARN_CONSTANT_CONVERSION = YES;
				CLANG_WARN_DEPRECATED_OBJC_IMPLEMENTATIONS = YES;
				CLANG_WARN_DIRECT_OBJC_ISA_USAGE = YES_ERROR;
				CLANG_WARN_DOCUMENTATION_COMMENTS = YES;
				CLANG_WARN_EMPTY_BODY = YES;
				CLANG_WARN_ENUM_CONVERSION = YES;
				CLANG_WARN_INFINITE_RECURSION = YES;
				CLANG_WARN_INT_CONVERSION = YES;
				CLANG_WARN_NON_LITERAL_NULL_CONVERSION = YES;
				CLANG_WARN_OBJC_IMPLICIT_RETAIN_SELF = YES;
				CLANG_WARN_OBJC_LITERAL_CONVERSION = YES;
				CLANG_WARN_OBJC_ROOT_CLASS = YES_ERROR;
				CLANG_WARN_RANGE_LOOP_ANALYSIS = YES;
				CLANG_WARN_STRICT_PROTOTYPES = YES;
				CLANG_WARN_SUSPICIOUS_MOVE = YES;
				CLANG_WARN_UNGUARDED_AVAILABILITY = YES_AGGRESSIVE;
				CLANG_WARN_UNREACHABLE_CODE = YES;
				CLANG_WARN__DUPLICATE_METHOD_MATCH = YES;
				COPY_PHASE_STRIP = NO;
				DEBUG_INFORMATION_FORMAT = "dwarf-with-dsym";
				ENABLE_NS_ASSERTIONS = NO;
				ENABLE_STRICT_OBJC_MSGSEND = YES;
				GCC_C_LANGUAGE_STANDARD = gnu11;
				GCC_NO_COMMON_BLOCKS = YES;
				GCC_WARN_64_TO_32_BIT_CONVERSION = YES;
				GCC_WARN_ABOUT_RETURN_TYPE = YES_ERROR;
				GCC_WARN_UNDECLARED_SELECTOR = YES;
				GCC_WARN_UNINITIALIZED_AUTOS = YES_AGGRESSIVE;
				GCC_WARN_UNUSED_FUNCTION = YES;
				GCC_WARN_UNUSED_VARIABLE = YES;
				IPHONEOS_DEPLOYMENT_TARGET = 15.2;
				MTL_ENABLE_DEBUG_INFO = NO;
				MTL_FAST_MATH = YES;
				SDKROOT = iphoneos;
				SWIFT_COMPILATION_MODE = wholemodule;
				SWIFT_OPTIMIZATION_LEVEL = "-O";
				VALIDATE_PRODUCT = YES;
			};
			name = Release;
		};
		2F355C332423634A00BFA93A /* Debug */ = {
			isa = XCBuildConfiguration;
			buildSettings = {
				ASSETCATALOG_COMPILER_APPICON_NAME = AppIcon;
				CODE_SIGN_STYLE = Automatic;
				DEVELOPMENT_ASSET_PATHS = "\"Landmarks/Preview Content\"";
				DEVELOPMENT_TEAM = BMZMVWGL7D;
				ENABLE_PREVIEWS = YES;
				INFOPLIST_FILE = Landmarks/Info.plist;
				LD_RUNPATH_SEARCH_PATHS = (
					"$(inherited)",
					"@executable_path/Frameworks",
				);
				PRODUCT_BUNDLE_IDENTIFIER = swiftUITest.Landmarks;
				PRODUCT_NAME = "$(TARGET_NAME)";
				SWIFT_VERSION = 5.0;
				TARGETED_DEVICE_FAMILY = "1,2";
			};
			name = Debug;
		};
		2F355C342423634A00BFA93A /* Release */ = {
			isa = XCBuildConfiguration;
			buildSettings = {
				ASSETCATALOG_COMPILER_APPICON_NAME = AppIcon;
				CODE_SIGN_STYLE = Automatic;
				DEVELOPMENT_ASSET_PATHS = "\"Landmarks/Preview Content\"";
				DEVELOPMENT_TEAM = BMZMVWGL7D;
				ENABLE_PREVIEWS = YES;
				INFOPLIST_FILE = Landmarks/Info.plist;
				LD_RUNPATH_SEARCH_PATHS = (
					"$(inherited)",
					"@executable_path/Frameworks",
				);
				PRODUCT_BUNDLE_IDENTIFIER = swiftUITest.Landmarks;
				PRODUCT_NAME = "$(TARGET_NAME)";
				SWIFT_VERSION = 5.0;
				TARGETED_DEVICE_FAMILY = "1,2";
			};
			name = Release;
		};
		2F355C362423634A00BFA93A /* Debug */ = {
			isa = XCBuildConfiguration;
			buildSettings = {
				ALWAYS_EMBED_SWIFT_STANDARD_LIBRARIES = YES;
				BUNDLE_LOADER = "$(TEST_HOST)";
				CODE_SIGN_STYLE = Automatic;
				DEVELOPMENT_TEAM = BMZMVWGL7D;
				INFOPLIST_FILE = LandmarksTests/Info.plist;
				IPHONEOS_DEPLOYMENT_TARGET = 13.2;
				LD_RUNPATH_SEARCH_PATHS = (
					"$(inherited)",
					"@executable_path/Frameworks",
					"@loader_path/Frameworks",
				);
				PRODUCT_BUNDLE_IDENTIFIER = swiftUITest.LandmarksTests;
				PRODUCT_NAME = "$(TARGET_NAME)";
				SWIFT_VERSION = 5.0;
				TARGETED_DEVICE_FAMILY = "1,2";
				TEST_HOST = "$(BUILT_PRODUCTS_DIR)/Landmarks.app/Landmarks";
			};
			name = Debug;
		};
		2F355C372423634A00BFA93A /* Release */ = {
			isa = XCBuildConfiguration;
			buildSettings = {
				ALWAYS_EMBED_SWIFT_STANDARD_LIBRARIES = YES;
				BUNDLE_LOADER = "$(TEST_HOST)";
				CODE_SIGN_STYLE = Automatic;
				DEVELOPMENT_TEAM = BMZMVWGL7D;
				INFOPLIST_FILE = LandmarksTests/Info.plist;
				IPHONEOS_DEPLOYMENT_TARGET = 13.2;
				LD_RUNPATH_SEARCH_PATHS = (
					"$(inherited)",
					"@executable_path/Frameworks",
					"@loader_path/Frameworks",
				);
				PRODUCT_BUNDLE_IDENTIFIER = swiftUITest.LandmarksTests;
				PRODUCT_NAME = "$(TARGET_NAME)";
				SWIFT_VERSION = 5.0;
				TARGETED_DEVICE_FAMILY = "1,2";
				TEST_HOST = "$(BUILT_PRODUCTS_DIR)/Landmarks.app/Landmarks";
			};
			name = Release;
		};
		2F355C392423634A00BFA93A /* Debug */ = {
			isa = XCBuildConfiguration;
			buildSettings = {
				ALWAYS_EMBED_SWIFT_STANDARD_LIBRARIES = YES;
				CODE_SIGN_STYLE = Automatic;
				DEVELOPMENT_TEAM = BMZMVWGL7D;
				INFOPLIST_FILE = LandmarksUITests/Info.plist;
				LD_RUNPATH_SEARCH_PATHS = (
					"$(inherited)",
					"@executable_path/Frameworks",
					"@loader_path/Frameworks",
				);
				PRODUCT_BUNDLE_IDENTIFIER = swiftUITest.LandmarksUITests;
				PRODUCT_NAME = "$(TARGET_NAME)";
				SWIFT_VERSION = 5.0;
				TARGETED_DEVICE_FAMILY = "1,2";
				TEST_TARGET_NAME = Landmarks;
			};
			name = Debug;
		};
		2F355C3A2423634A00BFA93A /* Release */ = {
			isa = XCBuildConfiguration;
			buildSettings = {
				ALWAYS_EMBED_SWIFT_STANDARD_LIBRARIES = YES;
				CODE_SIGN_STYLE = Automatic;
				DEVELOPMENT_TEAM = BMZMVWGL7D;
				INFOPLIST_FILE = LandmarksUITests/Info.plist;
				LD_RUNPATH_SEARCH_PATHS = (
					"$(inherited)",
					"@executable_path/Frameworks",
					"@loader_path/Frameworks",
				);
				PRODUCT_BUNDLE_IDENTIFIER = swiftUITest.LandmarksUITests;
				PRODUCT_NAME = "$(TARGET_NAME)";
				SWIFT_VERSION = 5.0;
				TARGETED_DEVICE_FAMILY = "1,2";
				TEST_TARGET_NAME = Landmarks;
			};
			name = Release;
		};
/* End XCBuildConfiguration section */

/* Begin XCConfigurationList section */
		2F355C002423634600BFA93A /* Build configuration list for PBXProject "Landmarks" */ = {
			isa = XCConfigurationList;
			buildConfigurations = (
				2F355C302423634A00BFA93A /* Debug */,
				2F355C312423634A00BFA93A /* Release */,
			);
			defaultConfigurationIsVisible = 0;
			defaultConfigurationName = Release;
		};
		2F355C322423634A00BFA93A /* Build configuration list for PBXNativeTarget "Landmarks" */ = {
			isa = XCConfigurationList;
			buildConfigurations = (
				2F355C332423634A00BFA93A /* Debug */,
				2F355C342423634A00BFA93A /* Release */,
			);
			defaultConfigurationIsVisible = 0;
			defaultConfigurationName = Release;
		};
		2F355C352423634A00BFA93A /* Build configuration list for PBXNativeTarget "LandmarksTests" */ = {
			isa = XCConfigurationList;
			buildConfigurations = (
				2F355C362423634A00BFA93A /* Debug */,
				2F355C372423634A00BFA93A /* Release */,
			);
			defaultConfigurationIsVisible = 0;
			defaultConfigurationName = Release;
		};
		2F355C382423634A00BFA93A /* Build configuration list for PBXNativeTarget "LandmarksUITests" */ = {
			isa = XCConfigurationList;
			buildConfigurations = (
				2F355C392423634A00BFA93A /* Debug */,
				2F355C3A2423634A00BFA93A /* Release */,
			);
			defaultConfigurationIsVisible = 0;
			defaultConfigurationName = Release;
		};
/* End XCConfigurationList section */

/* Begin XCVersionGroup section */
		2F355C0C2423634700BFA93A /* Landmarks.xcdatamodeld */ = {
			isa = XCVersionGroup;
			children = (
				2F355C0D2423634700BFA93A /* Landmarks.xcdatamodel */,
			);
			currentVersion = 2F355C0D2423634700BFA93A /* Landmarks.xcdatamodel */;
			path = Landmarks.xcdatamodeld;
			sourceTree = "<group>";
			versionGroupType = wrapper.xcdatamodel;
		};
/* End XCVersionGroup section */
	};
	rootObject = 2F355BFD2423634600BFA93A /* Project object */;
}
